version = 1
revision = 3
requires-python = ">=3.11"

[[package]]
name = "attrs"
version = "23.2.0"
source = { registry = "https://pypi.org/simple" }
sdist = { url = "https://files.pythonhosted.org/packages/e3/fc/f800d51204003fa8ae392c4e8278f256206e7a919b708eef054f5f4b650d/attrs-23.2.0.tar.gz", hash = "sha256:935dc3b529c262f6cf76e50877d35a4bd3c1de194fd41f47a2b7ae8f19971f30", size = 780820, upload-time = "2023-12-31T06:30:32.926Z" }
wheels = [
    { url = "https://files.pythonhosted.org/packages/e0/44/827b2a91a5816512fcaf3cc4ebc465ccd5d598c45cefa6703fcf4a79018f/attrs-23.2.0-py3-none-any.whl", hash = "sha256:99b87a485a5820b23b879f04c2305b44b951b502fd64be915879d77a7e8fc6f1", size = 60752, upload-time = "2023-12-31T06:30:30.772Z" },
]

[[package]]
name = "cattrs"
version = "23.1.2"
source = { registry = "https://pypi.org/simple" }
dependencies = [
    { name = "attrs" },
]
sdist = { url = "https://files.pythonhosted.org/packages/68/d4/27f9fd840e74d51b6d6a024d39ff495b56ffde71d28eb82758b7b85d0617/cattrs-23.1.2.tar.gz", hash = "sha256:db1c821b8c537382b2c7c66678c3790091ca0275ac486c76f3c8f3920e83c657", size = 39998, upload-time = "2023-06-02T00:20:33.301Z" }
wheels = [
    { url = "https://files.pythonhosted.org/packages/3a/ba/05df14efaa0624fac6b1510e87f5ce446208d2f6ce50270a89b6268aebfe/cattrs-23.1.2-py3-none-any.whl", hash = "sha256:b2bb14311ac17bed0d58785e5a60f022e5431aca3932e3fc5cc8ed8639de50a4", size = 50845, upload-time = "2023-06-02T00:20:31.635Z" },
]

[[package]]
name = "constructs"
version = "3.4.344"
source = { registry = "https://pypi.org/simple" }
dependencies = [
    { name = "jsii" },
    { name = "publication" },
    { name = "typeguard" },
]
sdist = { url = "https://files.pythonhosted.org/packages/5c/1f/fd7c205986deae10e24fe9d43f180790f8e0a2f1485cedb2147f0e5ea394/constructs-3.4.344.tar.gz", hash = "sha256:c94905d4f1590599037b5a8ba603a0b4a9e17512a18afa2607f470eb96ae90e4", size = 72634, upload-time = "2023-07-05T00:20:41.005Z" }
wheels = [
    { url = "https://files.pythonhosted.org/packages/9d/72/e2d969c46373c63033be67600615a4dd2a0cfa78ecc13cde28b786eb91b5/constructs-3.4.344-py3-none-any.whl", hash = "sha256:a52ddf0ce4f1ff9d13607eb9bf9dcb038aa8d7399cc7bd8b38e6286da45b2e54", size = 70684, upload-time = "2023-07-05T00:20:38.191Z" },
]

[[package]]
name = "importlib-resources"
version = "7.1.0"
source = { registry = "https://pypi.org/simple" }
sdist = { url = "https://files.pythonhosted.org/packages/e4/06/b56dfa750b44e86157093bc8fca0ab81dccbf5260510de4eaf1cb69b5b99/importlib_resources-7.1.0.tar.gz", hash = "sha256:0722d4c6212489c530f2a145a34c0a7a3b4721bc96a15fada5930e2a0b760708", size = 44985, upload-time = "2026-04-12T16:36:09.232Z" }
wheels = [
    { url = "https://files.pythonhosted.org/packages/8a/db/55a262f3606bebcae07cc14095338471ad7c0bbcaa37707e6f0ee49725b7/importlib_resources-7.1.0-py3-none-any.whl", hash = "sha256:1bd7b48b4088eddb2cd16382150bb515af0bd2c70128194392725f82ad2c96a1", size = 37232, upload-time = "2026-04-12T16:36:08.219Z" },
]

[[package]]
name = "jsii"
version = "1.85.0"
source = { registry = "https://pypi.org/simple" }
dependencies = [
    { name = "attrs" },
    { name = "cattrs" },
    { name = "importlib-resources" },
    { name = "publication" },
    { name = "python-dateutil" },
    { name = "typeguard" },
    { name = "typing-extensions" },
]
sdist = { url = "https://files.pythonhosted.org/packages/98/b3/699448aa0995b063c6bc944265b0a5cd436eb4a42aefdd1fcff58ef988dd/jsii-1.85.0.tar.gz", hash = "sha256:b77194cf053c06c6bdffc887a4d1d2a41113c6f4780a7d78d70a780a70998008", size = 593863, upload-time = "2023-07-17T12:20:53.851Z" }
wheels = [
    { url = "https://files.pythonhosted.org/packages/69/10/f3208b42c86b390e6b1c6300ed9ddbb19977e86ed4d363fcdfe0422c554d/jsii-1.85.0-py3-none-any.whl", hash = "sha256:379feb1a1a3c4e449307564f42a7cddef05e43760cbfbbfe8434f6448cd668a0", size = 573984, upload-time = "2023-07-17T12:20:51.64Z" },
]

[[package]]
name = "mnist-infra-alicloud"
version = "0.1.0"
source = { editable = "." }
dependencies = [
    { name = "ros-cdk-core" },
    { name = "ros-cdk-oss" },
    { name = "ros-cdk-pai" },
]

[package.metadata]
requires-dist = [
    { name = "ros-cdk-core", specifier = ">=0.1.0" },
    { name = "ros-cdk-oss", specifier = ">=0.1.0" },
    { name = "ros-cdk-pai", specifier = ">=0.1.0" },
]

[[package]]
name = "publication"
version = "0.0.3"
source = { registry = "https://pypi.org/simple" }
sdist = { url = "https://files.pythonhosted.org/packages/6b/8e/8c9fe7e32fdf9c386f83d59610cc819a25dadb874b5920f2d0ef7d35f46d/publication-0.0.3.tar.gz", hash = "sha256:68416a0de76dddcdd2930d1c8ef853a743cc96c82416c4e4d3b5d901c6276dc4", size = 5484, upload-time = "2019-01-15T07:52:23.914Z" }
wheels = [
    { url = "https://files.pythonhosted.org/packages/f8/d3/6308debad7afcdb3ea5f50b4b3d852f41eb566a311fbcb4da23755a28155/publication-0.0.3-py2.py3-none-any.whl", hash = "sha256:0248885351febc11d8a1098d5c8e3ab2dabcf3e8c0c96db1e17ecd12b53afbe6", size = 7687, upload-time = "2019-01-15T07:52:22.151Z" },
]

[[package]]
name = "python-dateutil"
version = "2.9.0.post0"
source = { registry = "https://pypi.org/simple" }
dependencies = [
    { name = "six" },
]
sdist = { url = "https://files.pythonhosted.org/packages/66/c0/0c8b6ad9f17a802ee498c46e004a0eb49bc148f2fd230864601a86dcf6db/python-dateutil-2.9.0.post0.tar.gz", hash = "sha256:37dd54208da7e1cd875388217d5e00ebd4179249f90fb72437e91a35459a0ad3", size = 342432, upload-time = "2024-03-01T18:36:20.211Z" }
wheels = [
    { url = "https://files.pythonhosted.org/packages/ec/57/56b9bcc3c9c6a792fcbaf139543cee77261f3651ca9da0c93f5c1221264b/python_dateutil-2.9.0.post0-py2.py3-none-any.whl", hash = "sha256:a8b2bc7bffae282281c8140a97d3aa9c14da0b136dfe83f850eea9a5f7470427", size = 229892, upload-time = "2024-03-01T18:36:18.57Z" },
]

[[package]]
name = "ros-cdk-assembly-schema"
version = "1.14.0"
source = { registry = "https://pypi.org/simple" }
dependencies = [
    { name = "jsii" },
    { name = "publication" },
    { name = "typeguard" },
]
wheels = [
    { url = "https://files.pythonhosted.org/packages/e1/3e/2c82e4a1277894044ada35bb2f2d537983d688e67f9fbd984305252fb95d/ros_cdk_assembly_schema-1.14.0-py3-none-any.whl", hash = "sha256:262daf589c2f402a03999b16bc01dc04d5e93e0c78adc9dce48f277c44398164", size = 130084, upload-time = "2026-06-15T08:19:19.341Z" },
]

[[package]]
name = "ros-cdk-core"
version = "1.14.0"
source = { registry = "https://pypi.org/simple" }
dependencies = [
    { name = "constructs" },
    { name = "jsii" },
    { name = "publication" },
    { name = "ros-cdk-assembly-schema" },
    { name = "ros-cdk-cxapi" },
    { name = "typeguard" },
]
wheels = [
    { url = "https://files.pythonhosted.org/packages/29/07/d7d21e9ec004c051a8096c5e05fb4946394dc42a0fe1ee741cf7b83d9f3d/ros_cdk_core-1.14.0-py3-none-any.whl", hash = "sha256:800fd77484f2b94b3e09f5d99617ac7f38376b1f5a5788216a17e5e79ec58fa1", size = 736959, upload-time = "2026-06-23T06:38:06.739Z" },
]

[[package]]
name = "ros-cdk-cxapi"
version = "1.14.0"
source = { registry = "https://pypi.org/simple" }
dependencies = [
    { name = "jsii" },
    { name = "publication" },
    { name = "ros-cdk-assembly-schema" },
    { name = "typeguard" },
]
wheels = [
    { url = "https://files.pythonhosted.org/packages/db/97/a0a99be2e7a64abf0ce07372066cb77056da7ee8240c38cc1c099ce965c1/ros_cdk_cxapi-1.14.0-py3-none-any.whl", hash = "sha256:afae4e48c394eeb7fd172879a263ce375f6da3fe4f7c95b78ba99b8f01663b04", size = 117566, upload-time = "2026-06-15T15:03:30.831Z" },
]

[[package]]
name = "ros-cdk-oss"
version = "1.14.0"
source = { registry = "https://pypi.org/simple" }
dependencies = [
    { name = "constructs" },
    { name = "jsii" },
    { name = "publication" },
    { name = "ros-cdk-core" },
    { name = "ros-cdk-ram" },
    { name = "typeguard" },
]
wheels = [
    { url = "https://files.pythonhosted.org/packages/a7/a3/3e9dc54cb0791398a2b4109eb54ca95978bae65700e84869462b95ef1948/ros_cdk_oss-1.14.0-py3-none-any.whl", hash = "sha256:09245b8eca71b734bbac2a7cc09b5418fae2fe7cf7d04fe0db0e8af7ccc9e8ab", size = 240693, upload-time = "2026-06-24T05:35:29.763Z" },
]

[[package]]
name = "ros-cdk-pai"
version = "1.14.0"
source = { registry = "https://pypi.org/simple" }
dependencies = [
    { name = "constructs" },
    { name = "jsii" },
    { name = "publication" },
    { name = "ros-cdk-core" },
    { name = "typeguard" },
]
wheels = [
    { url = "https://files.pythonhosted.org/packages/60/a5/b040522a183780e8d52d4fd25917893f4c084851c1206b4830fe83334404/ros_cdk_pai-1.14.0-py3-none-any.whl", hash = "sha256:e001d815fcc56e68ca91ed9404aa06e8ab274685ee0488760c2b47bac14e422c", size = 350459, upload-time = "2026-06-24T15:57:56.38Z" },
]

[[package]]
name = "ros-cdk-ram"
version = "1.14.0"
source = { registry = "https://pypi.org/simple" }
dependencies = [
    { name = "constructs" },
    { name = "jsii" },
    { name = "publication" },
    { name = "ros-cdk-core" },
    { name = "typeguard" },
]
wheels = [
    { url = "https://files.pythonhosted.org/packages/fa/d0/7fcb4cf348f10867420176607225aedd742bd54f7dc20bdb492076b8e216/ros_cdk_ram-1.14.0-py3-none-any.whl", hash = "sha256:f40f64c570b86de5dc86ba514f3f774bc42471f89e9beacd5e391824db202a08", size = 278703, upload-time = "2026-06-24T18:48:43.204Z" },
]

[[package]]
name = "six"
version = "1.17.0"
source = { registry = "https://pypi.org/simple" }
sdist = { url = "https://files.pythonhosted.org/packages/94/e7/b2c673351809dca68a0e064b6af791aa332cf192da575fd474ed7d6f16a2/six-1.17.0.tar.gz", hash = "sha256:ff70335d468e7eb6ec65b95b99d3a2836546063f63acc5171de367e834932a81", size = 34031, upload-time = "2024-12-04T17:35:28.174Z" }
wheels = [
    { url = "https://files.pythonhosted.org/packages/b7/ce/149a00dd41f10bc29e5921b496af8b574d8413afcd5e30dfa0ed46c2cc5e/six-1.17.0-py2.py3-none-any.whl", hash = "sha256:4721f391ed90541fddacab5acf947aa0d3dc7d27b2e1e8eda2be8970586c3274", size = 11050, upload-time = "2024-12-04T17:35:26.475Z" },
]

[[package]]
name = "typeguard"
version = "2.13.3"
source = { registry = "https://pypi.org/simple" }
sdist = { url = "https://files.pythonhosted.org/packages/3a/38/c61bfcf62a7b572b5e9363a802ff92559cb427ee963048e1442e3aef7490/typeguard-2.13.3.tar.gz", hash = "sha256:00edaa8da3a133674796cf5ea87d9f4b4c367d77476e185e80251cc13dfbb8c4", size = 40604, upload-time = "2021-12-10T21:09:39.158Z" }
wheels = [
    { url = "https://files.pythonhosted.org/packages/9a/bb/d43e5c75054e53efce310e79d63df0ac3f25e34c926be5dffb7d283fb2a8/typeguard-2.13.3-py3-none-any.whl", hash = "sha256:5e3e3be01e887e7eafae5af63d1f36c849aaa94e3a0112097312aabfa16284f1", size = 17605, upload-time = "2021-12-10T21:09:37.844Z" },
]

[[package]]
name = "typing-extensions"
version = "4.16.0"
source = { registry = "https://pypi.org/simple" }
sdist = { url = "https://files.pythonhosted.org/packages/f6/cc/6253133b5bb138fc3306cebfbda2c520f545d36b5be2c7255cc528bb45d6/typing_extensions-4.16.0.tar.gz", hash = "sha256:dc983d19a509c94dba722ee6abd33940f7c05a89e243c47e907eb4db6f1a43e5", size = 113555, upload-time = "2026-07-02T08:40:05.92Z" }
wheels = [
    { url = "https://files.pythonhosted.org/packages/49/d3/b8441a820a491ddfc024b0b0cf0393375b75ea13866d9c66727e54c2fc80/typing_extensions-4.16.0-py3-none-any.whl", hash = "sha256:481caa481374e813c1b176ada14e97f1f67a4539ce9cfeb3f350d78d6370c2e8", size = 45571, upload-time = "2026-07-02T08:40:04.659Z" },
]
